
Microsoft Visual Studio Solution File, Format Version 12.00
# Visual Studio Version 17
VisualStudioVersion = 17.13.35931.197 d17.13
MinimumVisualStudioVersion = 10.0.40219.1
Project("{FAE04EC0-301F-11D3-BF4B-00C04F79EFBC}") = "Eventify", "Eventify\Eventify.csproj", "{8F1FF72D-27F3-47AD-9789-E4A7F207FAAD}"
EndProject
Global
	GlobalSection(SolutionConfigurationPlatforms) = preSolution
		Debug|Any CPU = Debug|Any CPU
		Release|Any CPU = Release|Any CPU
	EndGlobalSection
	GlobalSection(ProjectConfigurationPlatforms) = postSolution
		{8F1FF72D-27F3-47AD-9789-E4A7F207FAAD}.Debug|Any CPU.ActiveCfg = Debug|Any CPU
		{8F1FF72D-27F3-47AD-9789-E4A7F207FAAD}.Debug|Any CPU.Build.0 = Debug|Any CPU
		{8F1FF72D-27F3-47AD-9789-E4A7F207FAAD}.Release|Any CPU.ActiveCfg = Release|Any CPU
		{8F1FF72D-27F3-47AD-9789-E4A7F207FAAD}.Release|Any CPU.Build.0 = Release|Any CPU
	EndGlobalSection
	GlobalSection(SolutionProperties) = preSolution
		HideSolutionNode = FALSE
	EndGlobalSection
	GlobalSection(ExtensibilityGlobals) = postSolution
		SolutionGuid = {D2873AAD-C378-438D-A7D8-A7E2BE82B58A}
	EndGlobalSection
EndGlobal
